
Microsoft Visual Studio Solution File, Format Version 12.00
# Visual Studio Version 17
VisualStudioVersion = 17.13.35825.156 d17.13
MinimumVisualStudioVersion = 10.0.40219.1
Project("{FAE04EC0-301F-11D3-BF4B-00C04F79EFBC}") = "Ranker", "Ranker.csproj", "{1416C8F7-700F-4178-A583-6DB57519277B}"
EndProject
Global
	GlobalSection(SolutionConfigurationPlatforms) = preSolution
		Debug|Any CPU = Debug|Any CPU
		Release|Any CPU = Release|Any CPU
	EndGlobalSection
	GlobalSection(ProjectConfigurationPlatforms) = postSolution
		{1416C8F7-700F-4178-A583-6DB57519277B}.Debug|Any CPU.ActiveCfg = Debug|Any CPU
		{1416C8F7-700F-4178-A583-6DB57519277B}.Debug|Any CPU.Build.0 = Debug|Any CPU
		{1416C8F7-700F-4178-A583-6DB57519277B}.Release|Any CPU.ActiveCfg = Release|Any CPU
		{1416C8F7-700F-4178-A583-6DB57519277B}.Release|Any CPU.Build.0 = Release|Any CPU
	EndGlobalSection
	GlobalSection(SolutionProperties) = preSolution
		HideSolutionNode = FALSE
	EndGlobalSection
	GlobalSection(ExtensibilityGlobals) = postSolution
		SolutionGuid = {FE8378F9-4BB4-4B34-83E9-7981820E4024}
	EndGlobalSection
EndGlobal
